// !$*UTF8*$!
{
	archiveVersion = 1;
	classes = {
	};
	objectVersion = 77;
	objects = {

/* Begin PBXBuildFile section */
		38A23F822F7CFFBD00BE3045 /* Networking in Frameworks */ = {isa = PBXBuildFile; productRef = 38A23E912F7D100000BE3045 /* Networking */; };
		38A23F832F7CFFBD00BE3045 /* LocalPersistence in Frameworks */ = {isa = PBXBuildFile; productRef = 38A23E922F7D100000BE3045 /* LocalPersistence */; };
		38E005912F7D587D00774089 /* LocalPersistence in Frameworks */ = {isa = PBXBuildFile; productRef = 38A23E932F7D100000BE3045 /* LocalPersistence */; };
		38E005922F7D587D00774089 /* Networking in Frameworks */ = {isa = PBXBuildFile; productRef = 38A23E942F7D100000BE3045 /* Networking */; };
/* End PBXBuildFile section */

/* Begin PBXContainerItemProxy section */
		38A23E642F7CEE4E00BE3045 /* PBXContainerItemProxy */ = {
			isa = PBXContainerItemProxy;
			containerPortal = 38A23E4E2F7CEE4D00BE3045 /* Project object */;
			proxyType = 1;
			remoteGlobalIDString = 38A23E552F7CEE4D00BE3045;
			remoteInfo = News;
		};
		38A23E6E2F7CEE4E00BE3045 /* PBXContainerItemProxy */ = {
			isa = PBXContainerItemProxy;
			containerPortal = 38A23E4E2F7CEE4D00BE3045 /* Project object */;
			proxyType = 1;
			remoteGlobalIDString = 38A23E552F7CEE4D00BE3045;
			remoteInfo = News;
		};
/* End PBXContainerItemProxy section */

/* Begin PBXFileReference section */
		38A23E562F7CEE4D00BE3045 /* News.app */ = {isa = PBXFileReference; explicitFileType = wrapper.application; includeInIndex = 0; path = News.app; sourceTree = BUILT_PRODUCTS_DIR; };
		38A23E632F7CEE4E00BE3045 /* NewsTests.xctest */ = {isa = PBXFileReference; explicitFileType = wrapper.cfbundle; includeInIndex = 0; path = NewsTests.xctest; sourceTree = BUILT_PRODUCTS_DIR; };
		38A23E6D2F7CEE4E00BE3045 /* NewsUITests.xctest */ = {isa = PBXFileReference; explicitFileType = wrapper.cfbundle; includeInIndex = 0; path = NewsUITests.xctest; sourceTree = BUILT_PRODUCTS_DIR; };
/* End PBXFileReference section */

/* Begin PBXFileSystemSynchronizedRootGroup section */
		38A23E582F7CEE4D00BE3045 /* News */ = {
			isa = PBXFileSystemSynchronizedRootGroup;
			path = News;
			sourceTree = "<group>";
		};
		38A23E662F7CEE4E00BE3045 /* NewsTests */ = {
			isa = PBXFileSystemSynchronizedRootGroup;
			path = NewsTests;
			sourceTree = "<group>";
		};
		38A23E702F7CEE4E00BE3045 /* NewsUITests */ = {
			isa = PBXFileSystemSynchronizedRootGroup;
			path = NewsUITests;
			sourceTree = "<group>";
		};
		38A23E802F7CF11F00BE3045 /* Modules */ = {
			isa = PBXFileSystemSynchronizedRootGroup;
			path = Modules;
			sourceTree = "<group>";
		};
/* End PBXFileSystemSynchronizedRootGroup section */

/* Begin PBXFrameworksBuildPhase section */
		38A23E532F7CEE4D00BE3045 /* Frameworks */ = {
			isa = PBXFrameworksBuildPhase;
			buildActionMask = 2147483647;
			files = (
				38A23F822F7CFFBD00BE3045 /* Networking in Frameworks */,
				38A23F832F7CFFBD00BE3045 /* LocalPersistence in Frameworks */,
			);
			runOnlyForDeploymentPostprocessing = 0;
		};
		38A23E602F7CEE4E00BE3045 /* Frameworks */ = {
			isa = PBXFrameworksBuildPhase;
			buildActionMask = 2147483647;
			files = (
				38E005922F7D587D00774089 /* Networking in Frameworks */,
				38E005912F7D587D00774089 /* LocalPersistence in Frameworks */,
			);
			runOnlyForDeploymentPostprocessing = 0;
		};
		38A23E6A2F7CEE4E00BE3045 /* Frameworks */ = {
			isa = PBXFrameworksBuildPhase;
			buildActionMask = 2147483647;
			files = (
			);
			runOnlyForDeploymentPostprocessing = 0;
		};
/* End PBXFrameworksBuildPhase section */

/* Begin PBXGroup section */
		38A23E4D2F7CEE4D00BE3045 = {
			isa = PBXGroup;
			children = (
				38A23E802F7CF11F00BE3045 /* Modules */,
				38A23E582F7CEE4D00BE3045 /* News */,
				38A23E662F7CEE4E00BE3045 /* NewsTests */,
				38A23E702F7CEE4E00BE3045 /* NewsUITests */,
				38A23E572F7CEE4D00BE3045 /* Products */,
			);
			sourceTree = "<group>";
		};
		38A23E572F7CEE4D00BE3045 /* Products */ = {
			isa = PBXGroup;
			children = (
				38A23E562F7CEE4D00BE3045 /* News.app */,
				38A23E632F7CEE4E00BE3045 /* NewsTests.xctest */,
				38A23E6D2F7CEE4E00BE3045 /* NewsUITests.xctest */,
			);
			name = Products;
			sourceTree = "<group>";
		};
/* End PBXGroup section */

/* Begin PBXNativeTarget section */
		38A23E552F7CEE4D00BE3045 /* News */ = {
			isa = PBXNativeTarget;
			buildConfigurationList = 38A23E772F7CEE4E00BE3045 /* Build configuration list for PBXNativeTarget "News" */;
			buildPhases = (
				38A23E522F7CEE4D00BE3045 /* Sources */,
				38A23E532F7CEE4D00BE3045 /* Frameworks */,
				38A23E542F7CEE4D00BE3045 /* Resources */,
			);
			buildRules = (
			);
			dependencies = (
			);
			fileSystemSynchronizedGroups = (
				38A23E582F7CEE4D00BE3045 /* News */,
				38A23E802F7CF11F00BE3045 /* Modules */,
			);
			name = News;
			packageProductDependencies = (
				38A23E912F7D100000BE3045 /* Networking */,
				38A23E922F7D100000BE3045 /* LocalPersistence */,
			);
			productName = News;
			productReference = 38A23E562F7CEE4D00BE3045 /* News.app */;
			productType = "com.apple.product-type.application";
		};
		38A23E622F7CEE4E00BE3045 /* NewsTests */ = {
			isa = PBXNativeTarget;
			buildConfigurationList = 38A23E7A2F7CEE4E00BE3045 /* Build configuration list for PBXNativeTarget "NewsTests" */;
			buildPhases = (
				38A23E5F2F7CEE4E00BE3045 /* Sources */,
				38A23E602F7CEE4E00BE3045 /* Frameworks */,
				38A23E612F7CEE4E00BE3045 /* Resources */,
			);
			buildRules = (
			);
			dependencies = (
				38A23E652F7CEE4E00BE3045 /* PBXTargetDependency */,
			);
			fileSystemSynchronizedGroups = (
				38A23E662F7CEE4E00BE3045 /* NewsTests */,
			);
			name = NewsTests;
			packageProductDependencies = (
				38A23E932F7D100000BE3045 /* LocalPersistence */,
				38A23E942F7D100000BE3045 /* Networking */,
			);
			productName = NewsTests;
			productReference = 38A23E632F7CEE4E00BE3045 /* NewsTests.xctest */;
			productType = "com.apple.product-type.bundle.unit-test";
		};
		38A23E6C2F7CEE4E00BE3045 /* NewsUITests */ = {
			isa = PBXNativeTarget;
			buildConfigurationList = 38A23E7D2F7CEE4E00BE3045 /* Build configuration list for PBXNativeTarget "NewsUITests" */;
			buildPhases = (
				38A23E692F7CEE4E00BE3045 /* Sources */,
				38A23E6A2F7CEE4E00BE3045 /* Frameworks */,
				38A23E6B2F7CEE4E00BE3045 /* Resources */,
			);
			buildRules = (
			);
			dependencies = (
				38A23E6F2F7CEE4E00BE3045 /* PBXTargetDependency */,
			);
			fileSystemSynchronizedGroups = (
				38A23E702F7CEE4E00BE3045 /* NewsUITests */,
			);
			name = NewsUITests;
			packageProductDependencies = (
			);
			productName = NewsUITests;
			productReference = 38A23E6D2F7CEE4E00BE3045 /* NewsUITests.xctest */;
			productType = "com.apple.product-type.bundle.ui-testing";
		};
/* End PBXNativeTarget section */

/* Begin PBXProject section */
		38A23E4E2F7CEE4D00BE3045 /* Project object */ = {
			isa = PBXProject;
			attributes = {
				BuildIndependentTargetsInParallel = 1;
				LastSwiftUpdateCheck = 2630;
				LastUpgradeCheck = 2630;
				TargetAttributes = {
					38A23E552F7CEE4D00BE3045 = {
						CreatedOnToolsVersion = 26.3;
					};
					38A23E622F7CEE4E00BE3045 = {
						CreatedOnToolsVersion = 26.3;
						TestTargetID = 38A23E552F7CEE4D00BE3045;
					};
					38A23E6C2F7CEE4E00BE3045 = {
						CreatedOnToolsVersion = 26.3;
						TestTargetID = 38A23E552F7CEE4D00BE3045;
					};
				};
			};
			buildConfigurationList = 38A23E512F7CEE4D00BE3045 /* Build configuration list for PBXProject "News" */;
			developmentRegion = en;
			hasScannedForEncodings = 0;
			knownRegions = (
				en,
				Base,
			);
			mainGroup = 38A23E4D2F7CEE4D00BE3045;
			minimizedProjectReferenceProxies = 1;
			packageReferences = (
				38A23E902F7D100000BE3045 /* XCLocalSwiftPackageReference "Modules/Core" */,
			);
			preferredProjectObjectVersion = 77;
			productRefGroup = 38A23E572F7CEE4D00BE3045 /* Products */;
			projectDirPath = "";
			projectRoot = "";
			targets = (
				38A23E552F7CEE4D00BE3045 /* News */,
				38A23E622F7CEE4E00BE3045 /* NewsTests */,
				38A23E6C2F7CEE4E00BE3045 /* NewsUITests */,
			);
		};
/* End PBXProject section */

/* Begin PBXResourcesBuildPhase section */
		38A23E542F7CEE4D00BE3045 /* Resources */ = {
			isa = PBXResourcesBuildPhase;
			buildActionMask = 2147483647;
			files = (
			);
			runOnlyForDeploymentPostprocessing = 0;
		};
		38A23E612F7CEE4E00BE3045 /* Resources */ = {
			isa = PBXResourcesBuildPhase;
			buildActionMask = 2147483647;
			files = (
			);
			runOnlyForDeploymentPostprocessing = 0;
		};
		38A23E6B2F7CEE4E00BE3045 /* Resources */ = {
			isa = PBXResourcesBuildPhase;
			buildActionMask = 2147483647;
			files = (
			);
			runOnlyForDeploymentPostprocessing = 0;
		};
/* End PBXResourcesBuildPhase section */

/* Begin PBXSourcesBuildPhase section */
		38A23E522F7CEE4D00BE3045 /* Sources */ = {
			isa = PBXSourcesBuildPhase;
			buildActionMask = 2147483647;
			files = (
			);
			runOnlyForDeploymentPostprocessing = 0;
		};
		38A23E5F2F7CEE4E00BE3045 /* Sources */ = {
			isa = PBXSourcesBuildPhase;
			buildActionMask = 2147483647;
			files = (
			);
			runOnlyForDeploymentPostprocessing = 0;
		};
		38A23E692F7CEE4E00BE3045 /* Sources */ = {
			isa = PBXSourcesBuildPhase;
			buildActionMask = 2147483647;
			files = (
			);
			runOnlyForDeploymentPostprocessing = 0;
		};
/* End PBXSourcesBuildPhase section */

/* Begin PBXTargetDependency section */
		38A23E652F7CEE4E00BE3045 /* PBXTargetDependency */ = {
			isa = PBXTargetDependency;
			target = 38A23E552F7CEE4D00BE3045 /* News */;
			targetProxy = 38A23E642F7CEE4E00BE3045 /* PBXContainerItemProxy */;
		};
		38A23E6F2F7CEE4E00BE3045 /* PBXTargetDependency */ = {
			isa = PBXTargetDependency;
			target = 38A23E552F7CEE4D00BE3045 /* News */;
			targetProxy = 38A23E6E2F7CEE4E00BE3045 /* PBXContainerItemProxy */;
		};
/* End PBXTargetDependency section */

/* Begin XCBuildConfiguration section */
		38A23E752F7CEE4E00BE3045 /* Debug */ = {
			isa = XCBuildConfiguration;
			buildSettings = {
				ALWAYS_SEARCH_USER_PATHS = NO;
				ASSETCATALOG_COMPILER_GENERATE_SWIFT_ASSET_SYMBOL_EXTENSIONS = YES;
				CLANG_ANALYZER_NONNULL = YES;
				CLANG_ANALYZER_NUMBER_OBJECT_CONVERSION = YES_AGGRESSIVE;
				CLANG_CXX_LANGUAGE_STANDARD = "gnu++20";
				CLANG_ENABLE_MODULES = YES;
				CLANG_ENABLE_OBJC_ARC = YES;
				CLANG_ENABLE_OBJC_WEAK = YES;
				CLANG_WARN_BLOCK_CAPTURE_AUTORELEASING = YES;
				CLANG_WARN_BOOL_CONVERSION = YES;
				CLANG_WARN_COMMA = YES;
				CLANG_WARN_CONSTANT_CONVERSION = YES;
				CLANG_WARN_DEPRECATED_OBJC_IMPLEMENTATIONS = YES;
				CLANG_WARN_DIRECT_OBJC_ISA_USAGE = YES_ERROR;
				CLANG_WARN_DOCUMENTATION_COMMENTS = YES;
				CLANG_WARN_EMPTY_BODY = YES;
				CLANG_WARN_ENUM_CONVERSION = YES;
				CLANG_WARN_INFINITE_RECURSION = YES;
				CLANG_WARN_INT_CONVERSION = YES;
				CLANG_WARN_NON_LITERAL_NULL_CONVERSION = YES;
				CLANG_WARN_OBJC_IMPLICIT_RETAIN_SELF = YES;
				CLANG_WARN_OBJC_LITERAL_CONVERSION = YES;
				CLANG_WARN_OBJC_ROOT_CLASS = YES_ERROR;
				CLANG_WARN_QUOTED_INCLUDE_IN_FRAMEWORK_HEADER = YES;
				CLANG_WARN_RANGE_LOOP_ANALYSIS = YES;
				CLANG_WARN_STRICT_PROTOTYPES = YES;
				CLANG_WARN_SUSPICIOUS_MOVE = YES;
				CLANG_WARN_UNGUARDED_AVAILABILITY = YES_AGGRESSIVE;
				CLANG_WARN_UNREACHABLE_CODE = YES;
				CLANG_WARN__DUPLICATE_METHOD_MATCH = YES;
				COPY_PHASE_STRIP = NO;
				DEBUG_INFORMATION_FORMAT = dwarf;
				DEVELOPMENT_TEAM = F5CK448F8W;
				ENABLE_STRICT_OBJC_MSGSEND = YES;
				ENABLE_TESTABILITY = YES;
				ENABLE_USER_SCRIPT_SANDBOXING = YES;
				GCC_C_LANGUAGE_STANDARD = gnu17;
				GCC_DYNAMIC_NO_PIC = NO;
				GCC_NO_COMMON_BLOCKS = YES;
				GCC_OPTIMIZATION_LEVEL = 0;
				GCC_PREPROCESSOR_DEFINITIONS = (
					"DEBUG=1",
					"$(inherited)",
				);
				GCC_WARN_64_TO_32_BIT_CONVERSION = YES;
				GCC_WARN_ABOUT_RETURN_TYPE = YES_ERROR;
				GCC_WARN_UNDECLARED_SELECTOR = YES;
				GCC_WARN_UNINITIALIZED_AUTOS = YES_AGGRESSIVE;
				GCC_WARN_UNUSED_FUNCTION = YES;
				GCC_WARN_UNUSED_VARIABLE = YES;
				IPHONEOS_DEPLOYMENT_TARGET = 26.2;
				LOCALIZATION_PREFERS_STRING_CATALOGS = YES;
				MTL_ENABLE_DEBUG_INFO = INCLUDE_SOURCE;
				MTL_FAST_MATH = YES;
				ONLY_ACTIVE_ARCH = YES;
				SDKROOT = iphoneos;
				SWIFT_ACTIVE_COMPILATION_CONDITIONS = "DEBUG $(inherited)";
				SWIFT_OPTIMIZATION_LEVEL = "-Onone";
			};
			name = Debug;
		};
		38A23E762F7CEE4E00BE3045 /* Release */ = {
			isa = XCBuildConfiguration;
			buildSettings = {
				ALWAYS_SEARCH_USER_PATHS = NO;
				ASSETCATALOG_COMPILER_GENERATE_SWIFT_ASSET_SYMBOL_EXTENSIONS = YES;
				CLANG_ANALYZER_NONNULL = YES;
				CLANG_ANALYZER_NUMBER_OBJECT_CONVERSION = YES_AGGRESSIVE;
				CLANG_CXX_LANGUAGE_STANDARD = "gnu++20";
				CLANG_ENABLE_MODULES = YES;
				CLANG_ENABLE_OBJC_ARC = YES;
				CLANG_ENABLE_OBJC_WEAK = YES;
				CLANG_WARN_BLOCK_CAPTURE_AUTORELEASING = YES;
				CLANG_WARN_BOOL_CONVERSION = YES;
				CLANG_WARN_COMMA = YES;
				CLANG_WARN_CONSTANT_CONVERSION = YES;
				CLANG_WARN_DEPRECATED_OBJC_IMPLEMENTATIONS = YES;
				CLANG_WARN_DIRECT_OBJC_ISA_USAGE = YES_ERROR;
				CLANG_WARN_DOCUMENTATION_COMMENTS = YES;
				CLANG_WARN_EMPTY_BODY = YES;
				CLANG_WARN_ENUM_CONVERSION = YES;
				CLANG_WARN_INFINITE_RECURSION = YES;
				CLANG_WARN_INT_CONVERSION = YES;
				CLANG_WARN_NON_LITERAL_NULL_CONVERSION = YES;
				CLANG_WARN_OBJC_IMPLICIT_RETAIN_SELF = YES;
				CLANG_WARN_OBJC_LITERAL_CONVERSION = YES;
				CLANG_WARN_OBJC_ROOT_CLASS = YES_ERROR;
				CLANG_WARN_QUOTED_INCLUDE_IN_FRAMEWORK_HEADER = YES;
				CLANG_WARN_RANGE_LOOP_ANALYSIS = YES;
				CLANG_WARN_STRICT_PROTOTYPES = YES;
				CLANG_WARN_SUSPICIOUS_MOVE = YES;
				CLANG_WARN_UNGUARDED_AVAILABILITY = YES_AGGRESSIVE;
				CLANG_WARN_UNREACHABLE_CODE = YES;
				CLANG_WARN__DUPLICATE_METHOD_MATCH = YES;
				COPY_PHASE_STRIP = NO;
				DEBUG_INFORMATION_FORMAT = "dwarf-with-dsym";
				DEVELOPMENT_TEAM = F5CK448F8W;
				ENABLE_NS_ASSERTIONS = NO;
				ENABLE_STRICT_OBJC_MSGSEND = YES;
				ENABLE_USER_SCRIPT_SANDBOXING = YES;
				GCC_C_LANGUAGE_STANDARD = gnu17;
				GCC_NO_COMMON_BLOCKS = YES;
				GCC_WARN_64_TO_32_BIT_CONVERSION = YES;
				GCC_WARN_ABOUT_RETURN_TYPE = YES_ERROR;
				GCC_WARN_UNDECLARED_SELECTOR = YES;
				GCC_WARN_UNINITIALIZED_AUTOS = YES_AGGRESSIVE;
				GCC_WARN_UNUSED_FUNCTION = YES;
				GCC_WARN_UNUSED_VARIABLE = YES;
				IPHONEOS_DEPLOYMENT_TARGET = 26.2;
				LOCALIZATION_PREFERS_STRING_CATALOGS = YES;
				MTL_ENABLE_DEBUG_INFO = NO;
				MTL_FAST_MATH = YES;
				SDKROOT = iphoneos;
				SWIFT_COMPILATION_MODE = wholemodule;
				VALIDATE_PRODUCT = YES;
			};
			name = Release;
		};
		38A23E782F7CEE4E00BE3045 /* Debug */ = {
			isa = XCBuildConfiguration;
			buildSettings = {
				ASSETCATALOG_COMPILER_APPICON_NAME = AppIcon;
				ASSETCATALOG_COMPILER_GLOBAL_ACCENT_COLOR_NAME = AccentColor;
				CODE_SIGN_STYLE = Automatic;
				CURRENT_PROJECT_VERSION = 1;
				DEVELOPMENT_TEAM = F5CK448F8W;
				ENABLE_PREVIEWS = YES;
				GENERATE_INFOPLIST_FILE = YES;
				INFOPLIST_FILE = Info.plist;
				INFOPLIST_KEY_UIApplicationSupportsIndirectInputEvents = YES;
				INFOPLIST_KEY_UILaunchScreen_Generation = YES;
				INFOPLIST_KEY_UISupportedInterfaceOrientations_iPad = "UIInterfaceOrientationPortrait UIInterfaceOrientationPortraitUpsideDown UIInterfaceOrientationLandscapeLeft UIInterfaceOrientationLandscapeRight";
				INFOPLIST_KEY_UISupportedInterfaceOrientations_iPhone = "UIInterfaceOrientationPortrait UIInterfaceOrientationLandscapeLeft UIInterfaceOrientationLandscapeRight";
				LD_RUNPATH_SEARCH_PATHS = (
					"$(inherited)",
					"@executable_path/Frameworks",
				);
				MARKETING_VERSION = 1.0;
				PRODUCT_BUNDLE_IDENTIFIER = com.abhi165.news;
				PRODUCT_NAME = "$(TARGET_NAME)";
				STRING_CATALOG_GENERATE_SYMBOLS = YES;
				SWIFT_APPROACHABLE_CONCURRENCY = YES;
				SWIFT_DEFAULT_ACTOR_ISOLATION = nonisolated;
				SWIFT_EMIT_LOC_STRINGS = YES;
				SWIFT_UPCOMING_FEATURE_MEMBER_IMPORT_VISIBILITY = YES;
				SWIFT_VERSION = 5.0;
				TARGETED_DEVICE_FAMILY = "1,2";
			};
			name = Debug;
		};
		38A23E792F7CEE4E00BE3045 /* Release */ = {
			isa = XCBuildConfiguration;
			buildSettings = {
				ASSETCATALOG_COMPILER_APPICON_NAME = AppIcon;
				ASSETCATALOG_COMPILER_GLOBAL_ACCENT_COLOR_NAME = AccentColor;
				CODE_SIGN_STYLE = Automatic;
				CURRENT_PROJECT_VERSION = 1;
				DEVELOPMENT_TEAM = F5CK448F8W;
				ENABLE_PREVIEWS = YES;
				GENERATE_INFOPLIST_FILE = YES;
				INFOPLIST_FILE = Info.plist;
				INFOPLIST_KEY_UIApplicationSupportsIndirectInputEvents = YES;
				INFOPLIST_KEY_UILaunchScreen_Generation = YES;
				INFOPLIST_KEY_UISupportedInterfaceOrientations_iPad = "UIInterfaceOrientationPortrait UIInterfaceOrientationPortraitUpsideDown UIInterfaceOrientationLandscapeLeft UIInterfaceOrientationLandscapeRight";
				INFOPLIST_KEY_UISupportedInterfaceOrientations_iPhone = "UIInterfaceOrientationPortrait UIInterfaceOrientationLandscapeLeft UIInterfaceOrientationLandscapeRight";
				LD_RUNPATH_SEARCH_PATHS = (
					"$(inherited)",
					"@executable_path/Frameworks",
				);
				MARKETING_VERSION = 1.0;
				PRODUCT_BUNDLE_IDENTIFIER = com.abhi165.news;
				PRODUCT_NAME = "$(TARGET_NAME)";
				STRING_CATALOG_GENERATE_SYMBOLS = YES;
				SWIFT_APPROACHABLE_CONCURRENCY = YES;
				SWIFT_DEFAULT_ACTOR_ISOLATION = nonisolated;
				SWIFT_EMIT_LOC_STRINGS = YES;
				SWIFT_UPCOMING_FEATURE_MEMBER_IMPORT_VISIBILITY = YES;
				SWIFT_VERSION = 5.0;
				TARGETED_DEVICE_FAMILY = "1,2";
			};
			name = Release;
		};
		38A23E7B2F7CEE4E00BE3045 /* Debug */ = {
			isa = XCBuildConfiguration;
			buildSettings = {
				BUNDLE_LOADER = "$(TEST_HOST)";
				CODE_SIGN_STYLE = Automatic;
				CURRENT_PROJECT_VERSION = 1;
				DEVELOPMENT_TEAM = F5CK448F8W;
				GENERATE_INFOPLIST_FILE = YES;
				IPHONEOS_DEPLOYMENT_TARGET = 26.2;
				MARKETING_VERSION = 1.0;
				PRODUCT_BUNDLE_IDENTIFIER = com.news.NewsTests;
				PRODUCT_NAME = "$(TARGET_NAME)";
				STRING_CATALOG_GENERATE_SYMBOLS = NO;
				SWIFT_APPROACHABLE_CONCURRENCY = YES;
				SWIFT_EMIT_LOC_STRINGS = NO;
				SWIFT_UPCOMING_FEATURE_MEMBER_IMPORT_VISIBILITY = YES;
				SWIFT_VERSION = 5.0;
				TARGETED_DEVICE_FAMILY = "1,2";
				TEST_HOST = "$(BUILT_PRODUCTS_DIR)/News.app/$(BUNDLE_EXECUTABLE_FOLDER_PATH)/News";
			};
			name = Debug;
		};
		38A23E7C2F7CEE4E00BE3045 /* Release */ = {
			isa = XCBuildConfiguration;
			buildSettings = {
				BUNDLE_LOADER = "$(TEST_HOST)";
				CODE_SIGN_STYLE = Automatic;
				CURRENT_PROJECT_VERSION = 1;
				DEVELOPMENT_TEAM = F5CK448F8W;
				GENERATE_INFOPLIST_FILE = YES;
				IPHONEOS_DEPLOYMENT_TARGET = 26.2;
				MARKETING_VERSION = 1.0;
				PRODUCT_BUNDLE_IDENTIFIER = com.news.NewsTests;
				PRODUCT_NAME = "$(TARGET_NAME)";
				STRING_CATALOG_GENERATE_SYMBOLS = NO;
				SWIFT_APPROACHABLE_CONCURRENCY = YES;
				SWIFT_EMIT_LOC_STRINGS = NO;
				SWIFT_UPCOMING_FEATURE_MEMBER_IMPORT_VISIBILITY = YES;
				SWIFT_VERSION = 5.0;
				TARGETED_DEVICE_FAMILY = "1,2";
				TEST_HOST = "$(BUILT_PRODUCTS_DIR)/News.app/$(BUNDLE_EXECUTABLE_FOLDER_PATH)/News";
			};
			name = Release;
		};
		38A23E7E2F7CEE4E00BE3045 /* Debug */ = {
			isa = XCBuildConfiguration;
			buildSettings = {
				CODE_SIGN_STYLE = Automatic;
				CURRENT_PROJECT_VERSION = 1;
				DEVELOPMENT_TEAM = F5CK448F8W;
				GENERATE_INFOPLIST_FILE = YES;
				MARKETING_VERSION = 1.0;
				PRODUCT_BUNDLE_IDENTIFIER = com.news.NewsUITests;
				PRODUCT_NAME = "$(TARGET_NAME)";
				STRING_CATALOG_GENERATE_SYMBOLS = NO;
				SWIFT_APPROACHABLE_CONCURRENCY = YES;
				SWIFT_EMIT_LOC_STRINGS = NO;
				SWIFT_UPCOMING_FEATURE_MEMBER_IMPORT_VISIBILITY = YES;
				SWIFT_VERSION = 5.0;
				TARGETED_DEVICE_FAMILY = "1,2";
				TEST_TARGET_NAME = News;
			};
			name = Debug;
		};
		38A23E7F2F7CEE4E00BE3045 /* Release */ = {
			isa = XCBuildConfiguration;
			buildSettings = {
				CODE_SIGN_STYLE = Automatic;
				CURRENT_PROJECT_VERSION = 1;
				DEVELOPMENT_TEAM = F5CK448F8W;
				GENERATE_INFOPLIST_FILE = YES;
				MARKETING_VERSION = 1.0;
				PRODUCT_BUNDLE_IDENTIFIER = com.news.NewsUITests;
				PRODUCT_NAME = "$(TARGET_NAME)";
				STRING_CATALOG_GENERATE_SYMBOLS = NO;
				SWIFT_APPROACHABLE_CONCURRENCY = YES;
				SWIFT_EMIT_LOC_STRINGS = NO;
				SWIFT_UPCOMING_FEATURE_MEMBER_IMPORT_VISIBILITY = YES;
				SWIFT_VERSION = 5.0;
				TARGETED_DEVICE_FAMILY = "1,2";
				TEST_TARGET_NAME = News;
			};
			name = Release;
		};
/* End XCBuildConfiguration section */

/* Begin XCConfigurationList section */
		38A23E512F7CEE4D00BE3045 /* Build configuration list for PBXProject "News" */ = {
			isa = XCConfigurationList;
			buildConfigurations = (
				38A23E752F7CEE4E00BE3045 /* Debug */,
				38A23E762F7CEE4E00BE3045 /* Release */,
			);
			defaultConfigurationIsVisible = 0;
			defaultConfigurationName = Release;
		};
		38A23E772F7CEE4E00BE3045 /* Build configuration list for PBXNativeTarget "News" */ = {
			isa = XCConfigurationList;
			buildConfigurations = (
				38A23E782F7CEE4E00BE3045 /* Debug */,
				38A23E792F7CEE4E00BE3045 /* Release */,
			);
			defaultConfigurationIsVisible = 0;
			defaultConfigurationName = Release;
		};
		38A23E7A2F7CEE4E00BE3045 /* Build configuration list for PBXNativeTarget "NewsTests" */ = {
			isa = XCConfigurationList;
			buildConfigurations = (
				38A23E7B2F7CEE4E00BE3045 /* Debug */,
				38A23E7C2F7CEE4E00BE3045 /* Release */,
			);
			defaultConfigurationIsVisible = 0;
			defaultConfigurationName = Release;
		};
		38A23E7D2F7CEE4E00BE3045 /* Build configuration list for PBXNativeTarget "NewsUITests" */ = {
			isa = XCConfigurationList;
			buildConfigurations = (
				38A23E7E2F7CEE4E00BE3045 /* Debug */,
				38A23E7F2F7CEE4E00BE3045 /* Release */,
			);
			defaultConfigurationIsVisible = 0;
			defaultConfigurationName = Release;
		};
/* End XCConfigurationList section */

/* Begin XCLocalSwiftPackageReference section */
		38A23E902F7D100000BE3045 /* XCLocalSwiftPackageReference "Modules/Core" */ = {
			isa = XCLocalSwiftPackageReference;
			relativePath = Modules/Core;
		};
/* End XCLocalSwiftPackageReference section */

/* Begin XCSwiftPackageProductDependency section */
		38A23E912F7D100000BE3045 /* Networking */ = {
			isa = XCSwiftPackageProductDependency;
			productName = Networking;
		};
		38A23E922F7D100000BE3045 /* LocalPersistence */ = {
			isa = XCSwiftPackageProductDependency;
			productName = LocalPersistence;
		};
		38A23E932F7D100000BE3045 /* LocalPersistence */ = {
			isa = XCSwiftPackageProductDependency;
			productName = LocalPersistence;
		};
		38A23E942F7D100000BE3045 /* Networking */ = {
			isa = XCSwiftPackageProductDependency;
			productName = Networking;
		};
/* End XCSwiftPackageProductDependency section */
	};
	rootObject = 38A23E4E2F7CEE4D00BE3045 /* Project object */;
}
